
Microsoft Visual Studio Solution File, Format Version 12.00
# Visual Studio Version 17
VisualStudioVersion = 17.10.35027.167
MinimumVisualStudioVersion = 10.0.40219.1
Project("{9A19103F-16F7-4668-BE54-9A1E7A4F7556}") = "UltimateCopperShortsword", "UltimateCopperShortsword.csproj", "{F908C4C3-ACCC-465A-A847-4E9A85EBB88B}"
EndProject
Global
	GlobalSection(SolutionConfigurationPlatforms) = preSolution
		Debug|Any CPU = Debug|Any CPU
		Release|Any CPU = Release|Any CPU
	EndGlobalSection
	GlobalSection(ProjectConfigurationPlatforms) = postSolution
		{F908C4C3-ACCC-465A-A847-4E9A85EBB88B}.Debug|Any CPU.ActiveCfg = Debug|Any CPU
		{F908C4C3-ACCC-465A-A847-4E9A85EBB88B}.Debug|Any CPU.Build.0 = Debug|Any CPU
		{F908C4C3-ACCC-465A-A847-4E9A85EBB88B}.Release|Any CPU.ActiveCfg = Release|Any CPU
		{F908C4C3-ACCC-465A-A847-4E9A85EBB88B}.Release|Any CPU.Build.0 = Release|Any CPU
	EndGlobalSection
	GlobalSection(SolutionProperties) = preSolution
		HideSolutionNode = FALSE
	EndGlobalSection
	GlobalSection(ExtensibilityGlobals) = postSolution
		SolutionGuid = {A95342E3-D9FE-423C-A86C-08C87533C022}
	EndGlobalSection
EndGlobal
